# SNAP Namespace Lock File
# This file pins exact versions and hashes for reproducibility
# Generated by: snap namespace lock
# DO NOT EDIT MANUALLY

version 1.0.0
generated_at 2025-10-05T14:30:00Z
snap_version 1.0.0

namespaces {
  greeting {
    version 1.0.0

    files {
      executable {
        path ./snap-namespaces/greeting
        hash sha256:e3b0c44298fc1c149afbf4c8996fb92427ae41e4649b934ca495991b7852b855
        size!int 1195
        permissions 0755
      }

      schema {
        path ./snap-namespaces/greeting.snap-schema
        hash sha256:d4735e3a265e16eee03f59718b9b5d03019c07d8b6c51f90da3a666eec13ab35
        size!int 2286
        permissions 0644
      }
    }

    verified!bool true
    verified_at 2025-10-05T14:30:00Z
    source local

    metadata {
      author SNAP Examples
      license MIT
    }
  }
}

# Lock file metadata
metadata {
  lock_version 1
  algorithm sha256
  created_by snap 1.0.0
  platform darwin_arm64

  notes ```
This lock file ensures reproducible namespace execution.
All hashes and versions are verified before namespace execution.
Commit this file to version control for team-wide consistency.
```
}

